
Microsoft Visual Studio Solution File, Format Version 12.00
# Visual Studio 15
VisualStudioVersion = 15.0.28010.2041
MinimumVisualStudioVersion = 10.0.40219.1
Project("{FAE04EC0-301F-11D3-BF4B-00C04F79EFBC}") = "KonsolenPrototyp", "KonsolenPrototyp.csproj", "{7F9CE08A-95B4-4F1E-AA0C-22B2C63B607F}"
EndProject
Global
	GlobalSection(SolutionConfigurationPlatforms) = preSolution
		Debug|Any CPU = Debug|Any CPU
		Release|Any CPU = Release|Any CPU
	EndGlobalSection
	GlobalSection(ProjectConfigurationPlatforms) = postSolution
		{7F9CE08A-95B4-4F1E-AA0C-22B2C63B607F}.Debug|Any CPU.ActiveCfg = Debug|Any CPU
		{7F9CE08A-95B4-4F1E-AA0C-22B2C63B607F}.Debug|Any CPU.Build.0 = Debug|Any CPU
		{7F9CE08A-95B4-4F1E-AA0C-22B2C63B607F}.Release|Any CPU.ActiveCfg = Release|Any CPU
		{7F9CE08A-95B4-4F1E-AA0C-22B2C63B607F}.Release|Any CPU.Build.0 = Release|Any CPU
	EndGlobalSection
	GlobalSection(SolutionProperties) = preSolution
		HideSolutionNode = FALSE
	EndGlobalSection
	GlobalSection(ExtensibilityGlobals) = postSolution
		SolutionGuid = {78F1F0E7-5B0D-46FB-8C42-044221A7E674}
	EndGlobalSection
EndGlobal
